
Microsoft Visual Studio Solution File, Format Version 12.00
# Visual Studio Version 16
VisualStudioVersion = 16.0.29709.97
MinimumVisualStudioVersion = 10.0.40219.1
Project("{FAE04EC0-301F-11D3-BF4B-00C04F79EFBC}") = "1846324_EA", "Joud Applecation\1846324_EA.csproj", "{20497B89-C761-4F67-B004-3088F75ADE59}"
EndProject
Global
	GlobalSection(SolutionConfigurationPlatforms) = preSolution
		Debug|Any CPU = Debug|Any CPU
		Release|Any CPU = Release|Any CPU
	EndGlobalSection
	GlobalSection(ProjectConfigurationPlatforms) = postSolution
		{20497B89-C761-4F67-B004-3088F75ADE59}.Debug|Any CPU.ActiveCfg = Debug|Any CPU
		{20497B89-C761-4F67-B004-3088F75ADE59}.Debug|Any CPU.Build.0 = Debug|Any CPU
		{20497B89-C761-4F67-B004-3088F75ADE59}.Release|Any CPU.ActiveCfg = Release|Any CPU
		{20497B89-C761-4F67-B004-3088F75ADE59}.Release|Any CPU.Build.0 = Release|Any CPU
	EndGlobalSection
	GlobalSection(SolutionProperties) = preSolution
		HideSolutionNode = FALSE
	EndGlobalSection
	GlobalSection(ExtensibilityGlobals) = postSolution
		SolutionGuid = {09EFF99C-E292-4674-BC70-B2FC4BE09107}
	EndGlobalSection
EndGlobal
